
Microsoft Visual Studio Solution File, Format Version 12.00
# Visual Studio 2012
Project("{FAE04EC0-301F-11D3-BF4B-00C04F79EFBC}") = "PhoneInfo", "PhoneInfo\PhoneInfo.csproj", "{530DA7B7-E7EE-4B1E-99A2-AB28E0C54782}"
EndProject
Global
	GlobalSection(SolutionConfigurationPlatforms) = preSolution
		Debug|Any CPU = Debug|Any CPU
		Debug|ARM = Debug|ARM
		Debug|x86 = Debug|x86
		Release|Any CPU = Release|Any CPU
		Release|ARM = Release|ARM
		Release|x86 = Release|x86
	EndGlobalSection
	GlobalSection(ProjectConfigurationPlatforms) = postSolution
		{530DA7B7-E7EE-4B1E-99A2-AB28E0C54782}.Debug|Any CPU.ActiveCfg = Debug|Any CPU
		{530DA7B7-E7EE-4B1E-99A2-AB28E0C54782}.Debug|Any CPU.Build.0 = Debug|Any CPU
		{530DA7B7-E7EE-4B1E-99A2-AB28E0C54782}.Debug|Any CPU.Deploy.0 = Debug|Any CPU
		{530DA7B7-E7EE-4B1E-99A2-AB28E0C54782}.Debug|ARM.ActiveCfg = Debug|ARM
		{530DA7B7-E7EE-4B1E-99A2-AB28E0C54782}.Debug|ARM.Build.0 = Debug|ARM
		{530DA7B7-E7EE-4B1E-99A2-AB28E0C54782}.Debug|ARM.Deploy.0 = Debug|ARM
		{530DA7B7-E7EE-4B1E-99A2-AB28E0C54782}.Debug|x86.ActiveCfg = Debug|x86
		{530DA7B7-E7EE-4B1E-99A2-AB28E0C54782}.Debug|x86.Build.0 = Debug|x86
		{530DA7B7-E7EE-4B1E-99A2-AB28E0C54782}.Debug|x86.Deploy.0 = Debug|x86
		{530DA7B7-E7EE-4B1E-99A2-AB28E0C54782}.Release|Any CPU.ActiveCfg = Release|Any CPU
		{530DA7B7-E7EE-4B1E-99A2-AB28E0C54782}.Release|Any CPU.Build.0 = Release|Any CPU
		{530DA7B7-E7EE-4B1E-99A2-AB28E0C54782}.Release|Any CPU.Deploy.0 = Release|Any CPU
		{530DA7B7-E7EE-4B1E-99A2-AB28E0C54782}.Release|ARM.ActiveCfg = Release|ARM
		{530DA7B7-E7EE-4B1E-99A2-AB28E0C54782}.Release|ARM.Build.0 = Release|ARM
		{530DA7B7-E7EE-4B1E-99A2-AB28E0C54782}.Release|ARM.Deploy.0 = Release|ARM
		{530DA7B7-E7EE-4B1E-99A2-AB28E0C54782}.Release|x86.ActiveCfg = Release|x86
		{530DA7B7-E7EE-4B1E-99A2-AB28E0C54782}.Release|x86.Build.0 = Release|x86
		{530DA7B7-E7EE-4B1E-99A2-AB28E0C54782}.Release|x86.Deploy.0 = Release|x86
	EndGlobalSection
	GlobalSection(SolutionProperties) = preSolution
		HideSolutionNode = FALSE
	EndGlobalSection
EndGlobal
